Microsoft Visual Studio Solution File, Format Version 12.00
# Visual Studio Version 17
VisualStudioVersion = 17.5.2.0
MinimumVisualStudioVersion = 10.0.40219.1
Project("{FAE04EC0-301F-11D3-BF4B-00C04F79EFBC}") = "SCE2", "SCE2.csproj", "{D420EEF3-FBB9-9F44-7461-D10A83B4F1B2}"
EndProject
Global
	GlobalSection(SolutionConfigurationPlatforms) = preSolution
		Debug|Any CPU = Debug|Any CPU
		Release|Any CPU = Release|Any CPU
	EndGlobalSection
	GlobalSection(ProjectConfigurationPlatforms) = postSolution
		{D420EEF3-FBB9-9F44-7461-D10A83B4F1B2}.Debug|Any CPU.ActiveCfg = Debug|Any CPU
		{D420EEF3-FBB9-9F44-7461-D10A83B4F1B2}.Debug|Any CPU.Build.0 = Debug|Any CPU
		{D420EEF3-FBB9-9F44-7461-D10A83B4F1B2}.Release|Any CPU.ActiveCfg = Release|Any CPU
		{D420EEF3-FBB9-9F44-7461-D10A83B4F1B2}.Release|Any CPU.Build.0 = Release|Any CPU
	EndGlobalSection
	GlobalSection(SolutionProperties) = preSolution
		HideSolutionNode = FALSE
	EndGlobalSection
	GlobalSection(ExtensibilityGlobals) = postSolution
		SolutionGuid = {5464E1A4-328C-423A-A2FE-F35126F6D720}
	EndGlobalSection
EndGlobal
